// !$*UTF8*$!
{
	archiveVersion = 1;
	classes = {
	};
	objectVersion = 56;
	objects = {

/* Begin PBXBuildFile section */
		C0DE00022E00000000000001 /* ChordPracticeView.swift in Sources */ = {isa = PBXBuildFile; fileRef = C0DE00012E00000000000001 /* ChordPracticeView.swift */; };
		290068E82C22A29F000DCE81 /* ProgressBar.swift in Sources */ = {isa = PBXBuildFile; fileRef = 290068E72C22A29E000DCE81 /* ProgressBar.swift */; };
		290068EA2C22A2A8000DCE81 /* OnboardImage.swift in Sources */ = {isa = PBXBuildFile; fileRef = 290068E92C22A2A8000DCE81 /* OnboardImage.swift */; };
		290068EC2C22A2AE000DCE81 /* Introduction.swift in Sources */ = {isa = PBXBuildFile; fileRef = 290068EB2C22A2AE000DCE81 /* Introduction.swift */; };
		290068EE2C22A2B4000DCE81 /* Onboarding.swift in Sources */ = {isa = PBXBuildFile; fileRef = 290068ED2C22A2B4000DCE81 /* Onboarding.swift */; };
		290069162C2511A5000DCE81 /* StringDetection.swift in Sources */ = {isa = PBXBuildFile; fileRef = 290069152C2511A5000DCE81 /* StringDetection.swift */; };
		294FD0D02C29394800031E61 /* LevelController.swift in Sources */ = {isa = PBXBuildFile; fileRef = 294FD0CF2C29394800031E61 /* LevelController.swift */; };
		294FD0D42C29ACF100031E61 /* SuccessCase.swift in Sources */ = {isa = PBXBuildFile; fileRef = 294FD0D32C29ACF100031E61 /* SuccessCase.swift */; };
		A2B8E3552C1BDE87008A0E5A /* ChordJamApp.swift in Sources */ = {isa = PBXBuildFile; fileRef = A2B8E3542C1BDE87008A0E5A /* ChordJamApp.swift */; };
		A2B8E3572C1BDE87008A0E5A /* ContentView.swift in Sources */ = {isa = PBXBuildFile; fileRef = A2B8E3562C1BDE87008A0E5A /* ContentView.swift */; };
		A2B8E3592C1BDE88008A0E5A /* Assets.xcassets in Resources */ = {isa = PBXBuildFile; fileRef = A2B8E3582C1BDE88008A0E5A /* Assets.xcassets */; };
		A2B8E35C2C1BDE88008A0E5A /* Preview Assets.xcassets in Resources */ = {isa = PBXBuildFile; fileRef = A2B8E35B2C1BDE88008A0E5A /* Preview Assets.xcassets */; };
		A2B8E3662C1BDE88008A0E5A /* ChordJamTests.swift in Sources */ = {isa = PBXBuildFile; fileRef = A2B8E3652C1BDE88008A0E5A /* ChordJamTests.swift */; };
		A2B8E3702C1BDE88008A0E5A /* ChordJamUITests.swift in Sources */ = {isa = PBXBuildFile; fileRef = A2B8E36F2C1BDE88008A0E5A /* ChordJamUITests.swift */; };
		A2B8E3722C1BDE88008A0E5A /* ChordJamUITestsLaunchTests.swift in Sources */ = {isa = PBXBuildFile; fileRef = A2B8E3712C1BDE88008A0E5A /* ChordJamUITestsLaunchTests.swift */; };
		A2C4C1EA2C23CC11002FEEAB /* MainMenuView.swift in Sources */ = {isa = PBXBuildFile; fileRef = A2C4C1E92C23CC11002FEEAB /* MainMenuView.swift */; };
		A2C4C1EC2C23CC36002FEEAB /* GameCenterManager.swift in Sources */ = {isa = PBXBuildFile; fileRef = A2C4C1EB2C23CC36002FEEAB /* GameCenterManager.swift */; };
		A2C4C1F92C23CD04002FEEAB /* ChallengesView.swift in Sources */ = {isa = PBXBuildFile; fileRef = A2C4C1F82C23CD04002FEEAB /* ChallengesView.swift */; };
		A2C4C1FB2C23CD1E002FEEAB /* LeaderboardView.swift in Sources */ = {isa = PBXBuildFile; fileRef = A2C4C1FA2C23CD1E002FEEAB /* LeaderboardView.swift */; };
		A2C4C1FD2C23CD2D002FEEAB /* CollectionView.swift in Sources */ = {isa = PBXBuildFile; fileRef = A2C4C1FC2C23CD2D002FEEAB /* CollectionView.swift */; };
		A2C4C1FF2C23CD3A002FEEAB /* ProfileView.swift in Sources */ = {isa = PBXBuildFile; fileRef = A2C4C1FE2C23CD3A002FEEAB /* ProfileView.swift */; };
		A2C4C2012C23CD4C002FEEAB /* NavBar.swift in Sources */ = {isa = PBXBuildFile; fileRef = A2C4C2002C23CD4C002FEEAB /* NavBar.swift */; };
		BA5714462C2C08F3004DD0A3 /* BadgeNotif.swift in Sources */ = {isa = PBXBuildFile; fileRef = BA5714452C2C08F3004DD0A3 /* BadgeNotif.swift */; };
		BA5E60F82C2A700400BA943E /* chordModel.swift in Sources */ = {isa = PBXBuildFile; fileRef = BA5E60F72C2A700400BA943E /* chordModel.swift */; };
		BA5E60FA2C2A702C00BA943E /* ChordDetection.mlmodel in Sources */ = {isa = PBXBuildFile; fileRef = BA5E60F92C2A702C00BA943E /* ChordDetection.mlmodel */; };
		BA5E61002C2A709000BA943E /* CombinedLevels2View.swift in Sources */ = {isa = PBXBuildFile; fileRef = BA5E60FB2C2A709000BA943E /* CombinedLevels2View.swift */; };
		BA5E61012C2A709000BA943E /* CombinedLevels3View.swift in Sources */ = {isa = PBXBuildFile; fileRef = BA5E60FC2C2A709000BA943E /* CombinedLevels3View.swift */; };
		BA5E61022C2A709000BA943E /* CombinedLevels4View.swift in Sources */ = {isa = PBXBuildFile; fileRef = BA5E60FD2C2A709000BA943E /* CombinedLevels4View.swift */; };
		BA5E61032C2A709000BA943E /* CombinedLevelsView.swift in Sources */ = {isa = PBXBuildFile; fileRef = BA5E60FE2C2A709000BA943E /* CombinedLevelsView.swift */; };
		BA5E61122C2A70D800BA943E /* Level3View.swift in Sources */ = {isa = PBXBuildFile; fileRef = BA5E61092C2A70D800BA943E /* Level3View.swift */; };
		BA5E61132C2A70D800BA943E /* ModalLevel3.swift in Sources */ = {isa = PBXBuildFile; fileRef = BA5E610A2C2A70D800BA943E /* ModalLevel3.swift */; };
		BA5E61142C2A70D800BA943E /* Level4View.swift in Sources */ = {isa = PBXBuildFile; fileRef = BA5E610C2C2A70D800BA943E /* Level4View.swift */; };
		BA5E61152C2A70D800BA943E /* ModalLevel4.swift in Sources */ = {isa = PBXBuildFile; fileRef = BA5E610D2C2A70D800BA943E /* ModalLevel4.swift */; };
		BA5E61162C2A70D800BA943E /* Level2View.swift in Sources */ = {isa = PBXBuildFile; fileRef = BA5E610F2C2A70D800BA943E /* Level2View.swift */; };
		BA5E61172C2A70D800BA943E /* ModalLevel2.swift in Sources */ = {isa = PBXBuildFile; fileRef = BA5E61102C2A70D800BA943E /* ModalLevel2.swift */; };
		BA5E611A2C2A70FC00BA943E /* FinishLevel.swift in Sources */ = {isa = PBXBuildFile; fileRef = BA5E61182C2A70FC00BA943E /* FinishLevel.swift */; };
		FB3A97AD2C2B924200EB2B92 /* ChordConditionalModel.swift in Sources */ = {isa = PBXBuildFile; fileRef = FB3A97AC2C2B924200EB2B92 /* ChordConditionalModel.swift */; };
		FB7D9CE02C2A7FA300D47241 /* GuitarComponents.swift in Sources */ = {isa = PBXBuildFile; fileRef = FB7D9CDB2C2A7FA300D47241 /* GuitarComponents.swift */; };
		FB7D9CE12C2A7FA300D47241 /* Level6View.swift in Sources */ = {isa = PBXBuildFile; fileRef = FB7D9CDD2C2A7FA300D47241 /* Level6View.swift */; };
		FB7D9CE22C2A7FA300D47241 /* Level6ViewModel.swift in Sources */ = {isa = PBXBuildFile; fileRef = FB7D9CDE2C2A7FA300D47241 /* Level6ViewModel.swift */; };
		FB7D9CE72C2A7FCD00D47241 /* ChordModel.swift in Sources */ = {isa = PBXBuildFile; fileRef = FB7D9CE32C2A7FCD00D47241 /* ChordModel.swift */; };
		FB7D9CE82C2A7FCD00D47241 /* LyricModel.swift in Sources */ = {isa = PBXBuildFile; fileRef = FB7D9CE42C2A7FCD00D47241 /* LyricModel.swift */; };
		FB7D9CE92C2A7FCD00D47241 /* MusicModel.swift in Sources */ = {isa = PBXBuildFile; fileRef = FB7D9CE52C2A7FCD00D47241 /* MusicModel.swift */; };
		FB7D9CEC2C2A7FD400D47241 /* grikfrik.mp3 in Resources */ = {isa = PBXBuildFile; fileRef = FB7D9CEA2C2A7FD400D47241 /* grikfrik.mp3 */; };
		FB7D9CEF2C2A7FDE00D47241 /* Color.swift in Sources */ = {isa = PBXBuildFile; fileRef = FB7D9CED2C2A7FDE00D47241 /* Color.swift */; };
		FB7D9CF32C2A8B8E00D47241 /* Level1View.swift in Sources */ = {isa = PBXBuildFile; fileRef = FB7D9CF02C2A8B8E00D47241 /* Level1View.swift */; };
		FB7D9CF42C2A8B8E00D47241 /* ModalLevel1.swift in Sources */ = {isa = PBXBuildFile; fileRef = FB7D9CF12C2A8B8E00D47241 /* ModalLevel1.swift */; };
		FBD0B7E42C22BFEC0067F90D /* AudioKitUI in Frameworks */ = {isa = PBXBuildFile; productRef = FBD0B7E32C22BFEC0067F90D /* AudioKitUI */; };
		FBD0B7E62C22BFEF0067F90D /* AudioKit in Frameworks */ = {isa = PBXBuildFile; productRef = FBD0B7E52C22BFEF0067F90D /* AudioKit */; };
		FBD0B7E82C22C0000067F90D /* AudioKitEX in Frameworks */ = {isa = PBXBuildFile; productRef = FBD0B7E72C22C0000067F90D /* AudioKitEX */; };
		FBD0B7EA2C22C0120067F90D /* SoundpipeAudioKit in Frameworks */ = {isa = PBXBuildFile; productRef = FBD0B7E92C22C0120067F90D /* SoundpipeAudioKit */; };
		FBD0B7EC2C22C0170067F90D /* Tonic in Frameworks */ = {isa = PBXBuildFile; productRef = FBD0B7EB2C22C0170067F90D /* Tonic */; };
		FBD1C2212C2C3041009D356F /* PauseComponent.swift in Sources */ = {isa = PBXBuildFile; fileRef = FBD1C2202C2C3041009D356F /* PauseComponent.swift */; };
		FBD1C2232C2C3CA9009D356F /* LearnSong.swift in Sources */ = {isa = PBXBuildFile; fileRef = FBD1C2222C2C3CA9009D356F /* LearnSong.swift */; };
		FBD1C2252C2C52C7009D356F /* MusicPlayerState.swift in Sources */ = {isa = PBXBuildFile; fileRef = FBD1C2242C2C52C7009D356F /* MusicPlayerState.swift */; };
/* End PBXBuildFile section */

/* Begin PBXContainerItemProxy section */
		A2B8E3622C1BDE88008A0E5A /* PBXContainerItemProxy */ = {
			isa = PBXContainerItemProxy;
			containerPortal = A2B8E3492C1BDE87008A0E5A /* Project object */;
			proxyType = 1;
			remoteGlobalIDString = A2B8E3502C1BDE87008A0E5A;
			remoteInfo = ChordJam;
		};
		A2B8E36C2C1BDE88008A0E5A /* PBXContainerItemProxy */ = {
			isa = PBXContainerItemProxy;
			containerPortal = A2B8E3492C1BDE87008A0E5A /* Project object */;
			proxyType = 1;
			remoteGlobalIDString = A2B8E3502C1BDE87008A0E5A;
			remoteInfo = ChordJam;
		};
/* End PBXContainerItemProxy section */

/* Begin PBXFileReference section */
		C0DE00012E00000000000001 /* ChordPracticeView.swift */ = {isa = PBXFileReference; lastKnownFileType = sourcecode.swift; path = ChordPracticeView.swift; sourceTree = "<group>"; };
		290068E72C22A29E000DCE81 /* ProgressBar.swift */ = {isa = PBXFileReference; fileEncoding = 4; lastKnownFileType = sourcecode.swift; path = ProgressBar.swift; sourceTree = "<group>"; };
		290068E92C22A2A8000DCE81 /* OnboardImage.swift */ = {isa = PBXFileReference; fileEncoding = 4; lastKnownFileType = sourcecode.swift; path = OnboardImage.swift; sourceTree = "<group>"; };
		290068EB2C22A2AE000DCE81 /* Introduction.swift */ = {isa = PBXFileReference; fileEncoding = 4; lastKnownFileType = sourcecode.swift; path = Introduction.swift; sourceTree = "<group>"; };
		290068ED2C22A2B4000DCE81 /* Onboarding.swift */ = {isa = PBXFileReference; fileEncoding = 4; lastKnownFileType = sourcecode.swift; path = Onboarding.swift; sourceTree = "<group>"; };
		290069152C2511A5000DCE81 /* StringDetection.swift */ = {isa = PBXFileReference; lastKnownFileType = sourcecode.swift; path = StringDetection.swift; sourceTree = "<group>"; };
		294FD0CE2C2936F100031E61 /* Info.plist */ = {isa = PBXFileReference; lastKnownFileType = text.plist; path = Info.plist; sourceTree = "<group>"; };
		294FD0CF2C29394800031E61 /* LevelController.swift */ = {isa = PBXFileReference; lastKnownFileType = sourcecode.swift; path = LevelController.swift; sourceTree = "<group>"; };
		294FD0D32C29ACF100031E61 /* SuccessCase.swift */ = {isa = PBXFileReference; lastKnownFileType = sourcecode.swift; path = SuccessCase.swift; sourceTree = "<group>"; };
		A284208C2C2C63A10073E9E2 /* ChordJam.entitlements */ = {isa = PBXFileReference; lastKnownFileType = text.plist.entitlements; path = ChordJam.entitlements; sourceTree = "<group>"; };
		A2B8E3512C1BDE87008A0E5A /* ChordJam.app */ = {isa = PBXFileReference; explicitFileType = wrapper.application; includeInIndex = 0; path = ChordJam.app; sourceTree = BUILT_PRODUCTS_DIR; };
		A2B8E3542C1BDE87008A0E5A /* ChordJamApp.swift */ = {isa = PBXFileReference; lastKnownFileType = sourcecode.swift; path = ChordJamApp.swift; sourceTree = "<group>"; };
		A2B8E3562C1BDE87008A0E5A /* ContentView.swift */ = {isa = PBXFileReference; lastKnownFileType = sourcecode.swift; path = ContentView.swift; sourceTree = "<group>"; };
		A2B8E3582C1BDE88008A0E5A /* Assets.xcassets */ = {isa = PBXFileReference; lastKnownFileType = folder.assetcatalog; path = Assets.xcassets; sourceTree = "<group>"; };
		A2B8E35B2C1BDE88008A0E5A /* Preview Assets.xcassets */ = {isa = PBXFileReference; lastKnownFileType = folder.assetcatalog; path = "Preview Assets.xcassets"; sourceTree = "<group>"; };
		A2B8E3612C1BDE88008A0E5A /* ChordJamTests.xctest */ = {isa = PBXFileReference; explicitFileType = wrapper.cfbundle; includeInIndex = 0; path = ChordJamTests.xctest; sourceTree = BUILT_PRODUCTS_DIR; };
		A2B8E3652C1BDE88008A0E5A /* ChordJamTests.swift */ = {isa = PBXFileReference; lastKnownFileType = sourcecode.swift; path = ChordJamTests.swift; sourceTree = "<group>"; };
		A2B8E36B2C1BDE88008A0E5A /* ChordJamUITests.xctest */ = {isa = PBXFileReference; explicitFileType = wrapper.cfbundle; includeInIndex = 0; path = ChordJamUITests.xctest; sourceTree = BUILT_PRODUCTS_DIR; };
		A2B8E36F2C1BDE88008A0E5A /* ChordJamUITests.swift */ = {isa = PBXFileReference; lastKnownFileType = sourcecode.swift; path = ChordJamUITests.swift; sourceTree = "<group>"; };
		A2B8E3712C1BDE88008A0E5A /* ChordJamUITestsLaunchTests.swift */ = {isa = PBXFileReference; lastKnownFileType = sourcecode.swift; path = ChordJamUITestsLaunchTests.swift; sourceTree = "<group>"; };
		A2C4C1E92C23CC11002FEEAB /* MainMenuView.swift */ = {isa = PBXFileReference; lastKnownFileType = sourcecode.swift; path = MainMenuView.swift; sourceTree = "<group>"; };
		A2C4C1EB2C23CC36002FEEAB /* GameCenterManager.swift */ = {isa = PBXFileReference; lastKnownFileType = sourcecode.swift; path = GameCenterManager.swift; sourceTree = "<group>"; };
		A2C4C1F82C23CD04002FEEAB /* ChallengesView.swift */ = {isa = PBXFileReference; lastKnownFileType = sourcecode.swift; path = ChallengesView.swift; sourceTree = "<group>"; };
		A2C4C1FA2C23CD1E002FEEAB /* LeaderboardView.swift */ = {isa = PBXFileReference; lastKnownFileType = sourcecode.swift; path = LeaderboardView.swift; sourceTree = "<group>"; };
		A2C4C1FC2C23CD2D002FEEAB /* CollectionView.swift */ = {isa = PBXFileReference; lastKnownFileType = sourcecode.swift; path = CollectionView.swift; sourceTree = "<group>"; };
		A2C4C1FE2C23CD3A002FEEAB /* ProfileView.swift */ = {isa = PBXFileReference; lastKnownFileType = sourcecode.swift; path = ProfileView.swift; sourceTree = "<group>"; };
		A2C4C2002C23CD4C002FEEAB /* NavBar.swift */ = {isa = PBXFileReference; lastKnownFileType = sourcecode.swift; path = NavBar.swift; sourceTree = "<group>"; };
		BA5714452C2C08F3004DD0A3 /* BadgeNotif.swift */ = {isa = PBXFileReference; lastKnownFileType = sourcecode.swift; path = BadgeNotif.swift; sourceTree = "<group>"; };
		BA5E60F72C2A700400BA943E /* chordModel.swift */ = {isa = PBXFileReference; fileEncoding = 4; lastKnownFileType = sourcecode.swift; path = chordModel.swift; sourceTree = "<group>"; };
		BA5E60F92C2A702C00BA943E /* ChordDetection.mlmodel */ = {isa = PBXFileReference; lastKnownFileType = file.mlmodel; path = ChordDetection.mlmodel; sourceTree = "<group>"; };
		BA5E60FB2C2A709000BA943E /* CombinedLevels2View.swift */ = {isa = PBXFileReference; fileEncoding = 4; lastKnownFileType = sourcecode.swift; path = CombinedLevels2View.swift; sourceTree = "<group>"; };
		BA5E60FC2C2A709000BA943E /* CombinedLevels3View.swift */ = {isa = PBXFileReference; fileEncoding = 4; lastKnownFileType = sourcecode.swift; path = CombinedLevels3View.swift; sourceTree = "<group>"; };
		BA5E60FD2C2A709000BA943E /* CombinedLevels4View.swift */ = {isa = PBXFileReference; fileEncoding = 4; lastKnownFileType = sourcecode.swift; path = CombinedLevels4View.swift; sourceTree = "<group>"; };
		BA5E60FE2C2A709000BA943E /* CombinedLevelsView.swift */ = {isa = PBXFileReference; fileEncoding = 4; lastKnownFileType = sourcecode.swift; path = CombinedLevelsView.swift; sourceTree = "<group>"; };
		BA5E61092C2A70D800BA943E /* Level3View.swift */ = {isa = PBXFileReference; fileEncoding = 4; lastKnownFileType = sourcecode.swift; path = Level3View.swift; sourceTree = "<group>"; };
		BA5E610A2C2A70D800BA943E /* ModalLevel3.swift */ = {isa = PBXFileReference; fileEncoding = 4; lastKnownFileType = sourcecode.swift; path = ModalLevel3.swift; sourceTree = "<group>"; };
		BA5E610C2C2A70D800BA943E /* Level4View.swift */ = {isa = PBXFileReference; fileEncoding = 4; lastKnownFileType = sourcecode.swift; path = Level4View.swift; sourceTree = "<group>"; };
		BA5E610D2C2A70D800BA943E /* ModalLevel4.swift */ = {isa = PBXFileReference; fileEncoding = 4; lastKnownFileType = sourcecode.swift; path = ModalLevel4.swift; sourceTree = "<group>"; };
		BA5E610F2C2A70D800BA943E /* Level2View.swift */ = {isa = PBXFileReference; fileEncoding = 4; lastKnownFileType = sourcecode.swift; path = Level2View.swift; sourceTree = "<group>"; };
		BA5E61102C2A70D800BA943E /* ModalLevel2.swift */ = {isa = PBXFileReference; fileEncoding = 4; lastKnownFileType = sourcecode.swift; path = ModalLevel2.swift; sourceTree = "<group>"; };
		BA5E61182C2A70FC00BA943E /* FinishLevel.swift */ = {isa = PBXFileReference; fileEncoding = 4; lastKnownFileType = sourcecode.swift; path = FinishLevel.swift; sourceTree = "<group>"; };
		FB3A97AC2C2B924200EB2B92 /* ChordConditionalModel.swift */ = {isa = PBXFileReference; lastKnownFileType = sourcecode.swift; path = ChordConditionalModel.swift; sourceTree = "<group>"; };
		FB7D9CDB2C2A7FA300D47241 /* GuitarComponents.swift */ = {isa = PBXFileReference; fileEncoding = 4; lastKnownFileType = sourcecode.swift; path = GuitarComponents.swift; sourceTree = "<group>"; };
		FB7D9CDD2C2A7FA300D47241 /* Level6View.swift */ = {isa = PBXFileReference; fileEncoding = 4; lastKnownFileType = sourcecode.swift; path = Level6View.swift; sourceTree = "<group>"; };
		FB7D9CDE2C2A7FA300D47241 /* Level6ViewModel.swift */ = {isa = PBXFileReference; fileEncoding = 4; lastKnownFileType = sourcecode.swift; path = Level6ViewModel.swift; sourceTree = "<group>"; };
		FB7D9CE32C2A7FCD00D47241 /* ChordModel.swift */ = {isa = PBXFileReference; fileEncoding = 4; lastKnownFileType = sourcecode.swift; path = ChordModel.swift; sourceTree = "<group>"; };
		FB7D9CE42C2A7FCD00D47241 /* LyricModel.swift */ = {isa = PBXFileReference; fileEncoding = 4; lastKnownFileType = sourcecode.swift; path = LyricModel.swift; sourceTree = "<group>"; };
		FB7D9CE52C2A7FCD00D47241 /* MusicModel.swift */ = {isa = PBXFileReference; fileEncoding = 4; lastKnownFileType = sourcecode.swift; path = MusicModel.swift; sourceTree = "<group>"; };
		FB7D9CEA2C2A7FD400D47241 /* grikfrik.mp3 */ = {isa = PBXFileReference; lastKnownFileType = audio.mp3; path = grikfrik.mp3; sourceTree = "<group>"; };
		FB7D9CED2C2A7FDE00D47241 /* Color.swift */ = {isa = PBXFileReference; fileEncoding = 4; lastKnownFileType = sourcecode.swift; path = Color.swift; sourceTree = "<group>"; };
		FB7D9CF02C2A8B8E00D47241 /* Level1View.swift */ = {isa = PBXFileReference; fileEncoding = 4; lastKnownFileType = sourcecode.swift; path = Level1View.swift; sourceTree = "<group>"; };
		FB7D9CF12C2A8B8E00D47241 /* ModalLevel1.swift */ = {isa = PBXFileReference; fileEncoding = 4; lastKnownFileType = sourcecode.swift; path = ModalLevel1.swift; sourceTree = "<group>"; };
		FBD1C2202C2C3041009D356F /* PauseComponent.swift */ = {isa = PBXFileReference; lastKnownFileType = sourcecode.swift; path = PauseComponent.swift; sourceTree = "<group>"; };
		FBD1C2222C2C3CA9009D356F /* LearnSong.swift */ = {isa = PBXFileReference; lastKnownFileType = sourcecode.swift; path = LearnSong.swift; sourceTree = "<group>"; };
		FBD1C2242C2C52C7009D356F /* MusicPlayerState.swift */ = {isa = PBXFileReference; lastKnownFileType = sourcecode.swift; path = MusicPlayerState.swift; sourceTree = "<group>"; };
/* End PBXFileReference section */

/* Begin PBXFrameworksBuildPhase section */
		A2B8E34E2C1BDE87008A0E5A /* Frameworks */ = {
			isa = PBXFrameworksBuildPhase;
			buildActionMask = 2147483647;
			files = (
				FBD0B7E82C22C0000067F90D /* AudioKitEX in Frameworks */,
				FBD0B7E62C22BFEF0067F90D /* AudioKit in Frameworks */,
				FBD0B7EA2C22C0120067F90D /* SoundpipeAudioKit in Frameworks */,
				FBD0B7EC2C22C0170067F90D /* Tonic in Frameworks */,
				FBD0B7E42C22BFEC0067F90D /* AudioKitUI in Frameworks */,
			);
			runOnlyForDeploymentPostprocessing = 0;
		};
		A2B8E35E2C1BDE88008A0E5A /* Frameworks */ = {
			isa = PBXFrameworksBuildPhase;
			buildActionMask = 2147483647;
			files = (
			);
			runOnlyForDeploymentPostprocessing = 0;
		};
		A2B8E3682C1BDE88008A0E5A /* Frameworks */ = {
			isa = PBXFrameworksBuildPhase;
			buildActionMask = 2147483647;
			files = (
			);
			runOnlyForDeploymentPostprocessing = 0;
		};
/* End PBXFrameworksBuildPhase section */

/* Begin PBXGroup section */
		A2B8E3482C1BDE87008A0E5A = {
			isa = PBXGroup;
			children = (
				A2B8E3532C1BDE87008A0E5A /* ChordJam */,
				A2B8E3642C1BDE88008A0E5A /* ChordJamTests */,
				A2B8E36E2C1BDE88008A0E5A /* ChordJamUITests */,
				A2B8E3522C1BDE87008A0E5A /* Products */,
				FBD0B7E22C22BFDD0067F90D /* Frameworks */,
			);
			sourceTree = "<group>";
		};
		A2B8E3522C1BDE87008A0E5A /* Products */ = {
			isa = PBXGroup;
			children = (
				A2B8E3512C1BDE87008A0E5A /* ChordJam.app */,
				A2B8E3612C1BDE88008A0E5A /* ChordJamTests.xctest */,
				A2B8E36B2C1BDE88008A0E5A /* ChordJamUITests.xctest */,
			);
			name = Products;
			sourceTree = "<group>";
		};
		A2B8E3532C1BDE87008A0E5A /* ChordJam */ = {
			isa = PBXGroup;
			children = (
				A284208C2C2C63A10073E9E2 /* ChordJam.entitlements */,
				FB7D9CEE2C2A7FDE00D47241 /* Utils */,
				FB7D9CEB2C2A7FD400D47241 /* Assets */,
				FB7D9CE62C2A7FCD00D47241 /* Models */,
				BA5E60F62C2A6FE200BA943E /* ML Model */,
				294FD0CE2C2936F100031E61 /* Info.plist */,
				A2C4C1ED2C23CC56002FEEAB /* Views */,
				290068EB2C22A2AE000DCE81 /* Introduction.swift */,
				290068ED2C22A2B4000DCE81 /* Onboarding.swift */,
				294FD0D32C29ACF100031E61 /* SuccessCase.swift */,
				290069152C2511A5000DCE81 /* StringDetection.swift */,
				290068E92C22A2A8000DCE81 /* OnboardImage.swift */,
				290068E72C22A29E000DCE81 /* ProgressBar.swift */,
				A2B8E3542C1BDE87008A0E5A /* ChordJamApp.swift */,
				A2B8E3562C1BDE87008A0E5A /* ContentView.swift */,
				A2B8E3582C1BDE88008A0E5A /* Assets.xcassets */,
				FBD1C2222C2C3CA9009D356F /* LearnSong.swift */,
				A2B8E35A2C1BDE88008A0E5A /* Preview Content */,
				294FD0CF2C29394800031E61 /* LevelController.swift */,
				A2C4C1EB2C23CC36002FEEAB /* GameCenterManager.swift */,
			);
			path = ChordJam;
			sourceTree = "<group>";
		};
		A2B8E35A2C1BDE88008A0E5A /* Preview Content */ = {
			isa = PBXGroup;
			children = (
				A2B8E35B2C1BDE88008A0E5A /* Preview Assets.xcassets */,
			);
			path = "Preview Content";
			sourceTree = "<group>";
		};
		A2B8E3642C1BDE88008A0E5A /* ChordJamTests */ = {
			isa = PBXGroup;
			children = (
				A2B8E3652C1BDE88008A0E5A /* ChordJamTests.swift */,
			);
			path = ChordJamTests;
			sourceTree = "<group>";
		};
		A2B8E36E2C1BDE88008A0E5A /* ChordJamUITests */ = {
			isa = PBXGroup;
			children = (
				A2B8E36F2C1BDE88008A0E5A /* ChordJamUITests.swift */,
				A2B8E3712C1BDE88008A0E5A /* ChordJamUITestsLaunchTests.swift */,
			);
			path = ChordJamUITests;
			sourceTree = "<group>";
		};
		A2C4C1ED2C23CC56002FEEAB /* Views */ = {
			isa = PBXGroup;
			children = (
				A2C4C1F82C23CD04002FEEAB /* ChallengesView.swift */,
				A2C4C1FC2C23CD2D002FEEAB /* CollectionView.swift */,
				C0DE00012E00000000000001 /* ChordPracticeView.swift */,
				BA5E61182C2A70FC00BA943E /* FinishLevel.swift */,
				BA5E60FF2C2A709000BA943E /* CombinedLevels */,
				FBD1C21F2C2C1681009D356F /* Components */,
				A2C4C1FA2C23CD1E002FEEAB /* LeaderboardView.swift */,
				FB7D9CDF2C2A7FA300D47241 /* Level 6 */,
				FB7D9CF22C2A8B8E00D47241 /* Level1 */,
				BA5E61112C2A70D800BA943E /* Level2 */,
				BA5E610B2C2A70D800BA943E /* Level3 */,
				BA5E610E2C2A70D800BA943E /* Level4 */,
				A2C4C1E92C23CC11002FEEAB /* MainMenuView.swift */,
				A2C4C2002C23CD4C002FEEAB /* NavBar.swift */,
				A2C4C1FE2C23CD3A002FEEAB /* ProfileView.swift */,
			);
			path = Views;
			sourceTree = "<group>";
		};
		BA5E60F62C2A6FE200BA943E /* ML Model */ = {
			isa = PBXGroup;
			children = (
				BA5E60F92C2A702C00BA943E /* ChordDetection.mlmodel */,
				BA5E60F72C2A700400BA943E /* chordModel.swift */,
			);
			path = "ML Model";
			sourceTree = "<group>";
		};
		BA5E60FF2C2A709000BA943E /* CombinedLevels */ = {
			isa = PBXGroup;
			children = (
				BA5E60FE2C2A709000BA943E /* CombinedLevelsView.swift */,
				BA5E60FB2C2A709000BA943E /* CombinedLevels2View.swift */,
				BA5E60FC2C2A709000BA943E /* CombinedLevels3View.swift */,
				BA5E60FD2C2A709000BA943E /* CombinedLevels4View.swift */,
			);
			path = CombinedLevels;
			sourceTree = "<group>";
		};
		BA5E610B2C2A70D800BA943E /* Level3 */ = {
			isa = PBXGroup;
			children = (
				BA5E61092C2A70D800BA943E /* Level3View.swift */,
				BA5E610A2C2A70D800BA943E /* ModalLevel3.swift */,
			);
			path = Level3;
			sourceTree = "<group>";
		};
		BA5E610E2C2A70D800BA943E /* Level4 */ = {
			isa = PBXGroup;
			children = (
				BA5E610C2C2A70D800BA943E /* Level4View.swift */,
				BA5E610D2C2A70D800BA943E /* ModalLevel4.swift */,
			);
			path = Level4;
			sourceTree = "<group>";
		};
		BA5E61112C2A70D800BA943E /* Level2 */ = {
			isa = PBXGroup;
			children = (
				BA5E610F2C2A70D800BA943E /* Level2View.swift */,
				BA5E61102C2A70D800BA943E /* ModalLevel2.swift */,
			);
			path = Level2;
			sourceTree = "<group>";
		};
		FB7D9CDC2C2A7FA300D47241 /* Components */ = {
			isa = PBXGroup;
			children = (
				FB7D9CDB2C2A7FA300D47241 /* GuitarComponents.swift */,
				FBD1C2202C2C3041009D356F /* PauseComponent.swift */,
			);
			path = Components;
			sourceTree = "<group>";
		};
		FB7D9CDF2C2A7FA300D47241 /* Level 6 */ = {
			isa = PBXGroup;
			children = (
				FB7D9CDC2C2A7FA300D47241 /* Components */,
				FB7D9CDD2C2A7FA300D47241 /* Level6View.swift */,
				FB7D9CDE2C2A7FA300D47241 /* Level6ViewModel.swift */,
			);
			path = "Level 6";
			sourceTree = "<group>";
		};
		FB7D9CE62C2A7FCD00D47241 /* Models */ = {
			isa = PBXGroup;
			children = (
				FB7D9CE32C2A7FCD00D47241 /* ChordModel.swift */,
				FBD1C2242C2C52C7009D356F /* MusicPlayerState.swift */,
				FB7D9CE42C2A7FCD00D47241 /* LyricModel.swift */,
				FB7D9CE52C2A7FCD00D47241 /* MusicModel.swift */,
				FB3A97AC2C2B924200EB2B92 /* ChordConditionalModel.swift */,
			);
			path = Models;
			sourceTree = "<group>";
		};
		FB7D9CEB2C2A7FD400D47241 /* Assets */ = {
			isa = PBXGroup;
			children = (
				FB7D9CEA2C2A7FD400D47241 /* grikfrik.mp3 */,
			);
			path = Assets;
			sourceTree = "<group>";
		};
		FB7D9CEE2C2A7FDE00D47241 /* Utils */ = {
			isa = PBXGroup;
			children = (
				FB7D9CED2C2A7FDE00D47241 /* Color.swift */,
				BA5714452C2C08F3004DD0A3 /* BadgeNotif.swift */,
			);
			path = Utils;
			sourceTree = "<group>";
		};
		FB7D9CF22C2A8B8E00D47241 /* Level1 */ = {
			isa = PBXGroup;
			children = (
				FB7D9CF02C2A8B8E00D47241 /* Level1View.swift */,
				FB7D9CF12C2A8B8E00D47241 /* ModalLevel1.swift */,
			);
			path = Level1;
			sourceTree = "<group>";
		};
		FBD0B7E22C22BFDD0067F90D /* Frameworks */ = {
			isa = PBXGroup;
			children = (
			);
			name = Frameworks;
			sourceTree = "<group>";
		};
		FBD1C21F2C2C1681009D356F /* Components */ = {
			isa = PBXGroup;
			children = (
			);
			path = Components;
			sourceTree = "<group>";
		};
/* End PBXGroup section */

/* Begin PBXNativeTarget section */
		A2B8E3502C1BDE87008A0E5A /* ChordJam */ = {
			isa = PBXNativeTarget;
			buildConfigurationList = A2B8E3752C1BDE88008A0E5A /* Build configuration list for PBXNativeTarget "ChordJam" */;
			buildPhases = (
				A2B8E34D2C1BDE87008A0E5A /* Sources */,
				A2B8E34E2C1BDE87008A0E5A /* Frameworks */,
				A2B8E34F2C1BDE87008A0E5A /* Resources */,
			);
			buildRules = (
			);
			dependencies = (
			);
			name = ChordJam;
			packageProductDependencies = (
				FBD0B7E32C22BFEC0067F90D /* AudioKitUI */,
				FBD0B7E52C22BFEF0067F90D /* AudioKit */,
				FBD0B7E72C22C0000067F90D /* AudioKitEX */,
				FBD0B7E92C22C0120067F90D /* SoundpipeAudioKit */,
				FBD0B7EB2C22C0170067F90D /* Tonic */,
			);
			productName = ChordJam;
			productReference = A2B8E3512C1BDE87008A0E5A /* ChordJam.app */;
			productType = "com.apple.product-type.application";
		};
		A2B8E3602C1BDE88008A0E5A /* ChordJamTests */ = {
			isa = PBXNativeTarget;
			buildConfigurationList = A2B8E3782C1BDE88008A0E5A /* Build configuration list for PBXNativeTarget "ChordJamTests" */;
			buildPhases = (
				A2B8E35D2C1BDE88008A0E5A /* Sources */,
				A2B8E35E2C1BDE88008A0E5A /* Frameworks */,
				A2B8E35F2C1BDE88008A0E5A /* Resources */,
			);
			buildRules = (
			);
			dependencies = (
				A2B8E3632C1BDE88008A0E5A /* PBXTargetDependency */,
			);
			name = ChordJamTests;
			productName = ChordJamTests;
			productReference = A2B8E3612C1BDE88008A0E5A /* ChordJamTests.xctest */;
			productType = "com.apple.product-type.bundle.unit-test";
		};
		A2B8E36A2C1BDE88008A0E5A /* ChordJamUITests */ = {
			isa = PBXNativeTarget;
			buildConfigurationList = A2B8E37B2C1BDE88008A0E5A /* Build configuration list for PBXNativeTarget "ChordJamUITests" */;
			buildPhases = (
				A2B8E3672C1BDE88008A0E5A /* Sources */,
				A2B8E3682C1BDE88008A0E5A /* Frameworks */,
				A2B8E3692C1BDE88008A0E5A /* Resources */,
			);
			buildRules = (
			);
			dependencies = (
				A2B8E36D2C1BDE88008A0E5A /* PBXTargetDependency */,
			);
			name = ChordJamUITests;
			productName = ChordJamUITests;
			productReference = A2B8E36B2C1BDE88008A0E5A /* ChordJamUITests.xctest */;
			productType = "com.apple.product-type.bundle.ui-testing";
		};
/* End PBXNativeTarget section */

/* Begin PBXProject section */
		A2B8E3492C1BDE87008A0E5A /* Project object */ = {
			isa = PBXProject;
			attributes = {
				BuildIndependentTargetsInParallel = 1;
				LastSwiftUpdateCheck = 1520;
				LastUpgradeCheck = 1520;
				TargetAttributes = {
					A2B8E3502C1BDE87008A0E5A = {
						CreatedOnToolsVersion = 15.2;
					};
					A2B8E3602C1BDE88008A0E5A = {
						CreatedOnToolsVersion = 15.2;
						TestTargetID = A2B8E3502C1BDE87008A0E5A;
					};
					A2B8E36A2C1BDE88008A0E5A = {
						CreatedOnToolsVersion = 15.2;
						TestTargetID = A2B8E3502C1BDE87008A0E5A;
					};
				};
			};
			buildConfigurationList = A2B8E34C2C1BDE87008A0E5A /* Build configuration list for PBXProject "ChordJam" */;
			compatibilityVersion = "Xcode 14.0";
			developmentRegion = en;
			hasScannedForEncodings = 0;
			knownRegions = (
				en,
				Base,
			);
			mainGroup = A2B8E3482C1BDE87008A0E5A;
			packageReferences = (
				BAEDEC9B2C22A86E00752435 /* XCRemoteSwiftPackageReference "AudioKit" */,
				BAEDEC9C2C22A87700752435 /* XCRemoteSwiftPackageReference "AudioKitEX" */,
				BAEDEC9D2C22A88900752435 /* XCRemoteSwiftPackageReference "AudioKitUI" */,
				BAEDEC9E2C22A89700752435 /* XCRemoteSwiftPackageReference "SoundpipeAudioKit" */,
				BAEDEC9F2C22A8A400752435 /* XCRemoteSwiftPackageReference "Tonic" */,
			);
			productRefGroup = A2B8E3522C1BDE87008A0E5A /* Products */;
			projectDirPath = "";
			projectRoot = "";
			targets = (
				A2B8E3502C1BDE87008A0E5A /* ChordJam */,
				A2B8E3602C1BDE88008A0E5A /* ChordJamTests */,
				A2B8E36A2C1BDE88008A0E5A /* ChordJamUITests */,
			);
		};
/* End PBXProject section */

/* Begin PBXResourcesBuildPhase section */
		A2B8E34F2C1BDE87008A0E5A /* Resources */ = {
			isa = PBXResourcesBuildPhase;
			buildActionMask = 2147483647;
			files = (
				A2B8E35C2C1BDE88008A0E5A /* Preview Assets.xcassets in Resources */,
				A2B8E3592C1BDE88008A0E5A /* Assets.xcassets in Resources */,
				FB7D9CEC2C2A7FD400D47241 /* grikfrik.mp3 in Resources */,
			);
			runOnlyForDeploymentPostprocessing = 0;
		};
		A2B8E35F2C1BDE88008A0E5A /* Resources */ = {
			isa = PBXResourcesBuildPhase;
			buildActionMask = 2147483647;
			files = (
			);
			runOnlyForDeploymentPostprocessing = 0;
		};
		A2B8E3692C1BDE88008A0E5A /* Resources */ = {
			isa = PBXResourcesBuildPhase;
			buildActionMask = 2147483647;
			files = (
			);
			runOnlyForDeploymentPostprocessing = 0;
		};
/* End PBXResourcesBuildPhase section */

/* Begin PBXSourcesBuildPhase section */
		A2B8E34D2C1BDE87008A0E5A /* Sources */ = {
			isa = PBXSourcesBuildPhase;
			buildActionMask = 2147483647;
			files = (
				A2C4C1F92C23CD04002FEEAB /* ChallengesView.swift in Sources */,
				FB7D9CE72C2A7FCD00D47241 /* ChordModel.swift in Sources */,
				BA5E61122C2A70D800BA943E /* Level3View.swift in Sources */,
				A2B8E3572C1BDE87008A0E5A /* ContentView.swift in Sources */,
				BA5E611A2C2A70FC00BA943E /* FinishLevel.swift in Sources */,
				BA5E60FA2C2A702C00BA943E /* ChordDetection.mlmodel in Sources */,
				BA5714462C2C08F3004DD0A3 /* BadgeNotif.swift in Sources */,
				294FD0D02C29394800031E61 /* LevelController.swift in Sources */,
				290068EC2C22A2AE000DCE81 /* Introduction.swift in Sources */,
				FBD1C2252C2C52C7009D356F /* MusicPlayerState.swift in Sources */,
				290069162C2511A5000DCE81 /* StringDetection.swift in Sources */,
				BA5E61172C2A70D800BA943E /* ModalLevel2.swift in Sources */,
				BA5E61142C2A70D800BA943E /* Level4View.swift in Sources */,
				BA5E61002C2A709000BA943E /* CombinedLevels2View.swift in Sources */,
				FB3A97AD2C2B924200EB2B92 /* ChordConditionalModel.swift in Sources */,
				FB7D9CEF2C2A7FDE00D47241 /* Color.swift in Sources */,
				A2B8E3552C1BDE87008A0E5A /* ChordJamApp.swift in Sources */,
				BA5E61022C2A709000BA943E /* CombinedLevels4View.swift in Sources */,
				FB7D9CE02C2A7FA300D47241 /* GuitarComponents.swift in Sources */,
				BA5E61152C2A70D800BA943E /* ModalLevel4.swift in Sources */,
				A2C4C1FB2C23CD1E002FEEAB /* LeaderboardView.swift in Sources */,
				FBD1C2232C2C3CA9009D356F /* LearnSong.swift in Sources */,
				FB7D9CE22C2A7FA300D47241 /* Level6ViewModel.swift in Sources */,
				290068EE2C22A2B4000DCE81 /* Onboarding.swift in Sources */,
				BA5E61162C2A70D800BA943E /* Level2View.swift in Sources */,
				FB7D9CF32C2A8B8E00D47241 /* Level1View.swift in Sources */,
				C0DE00022E00000000000001 /* ChordPracticeView.swift in Sources */,
				290068E82C22A29F000DCE81 /* ProgressBar.swift in Sources */,
				FB7D9CE12C2A7FA300D47241 /* Level6View.swift in Sources */,
				BA5E61012C2A709000BA943E /* CombinedLevels3View.swift in Sources */,
				A2C4C1EC2C23CC36002FEEAB /* GameCenterManager.swift in Sources */,
				BA5E61032C2A709000BA943E /* CombinedLevelsView.swift in Sources */,
				A2C4C2012C23CD4C002FEEAB /* NavBar.swift in Sources */,
				BA5E61132C2A70D800BA943E /* ModalLevel3.swift in Sources */,
				FB7D9CF42C2A8B8E00D47241 /* ModalLevel1.swift in Sources */,
				A2C4C1FF2C23CD3A002FEEAB /* ProfileView.swift in Sources */,
				FBD1C2212C2C3041009D356F /* PauseComponent.swift in Sources */,
				A2C4C1EA2C23CC11002FEEAB /* MainMenuView.swift in Sources */,
				FB7D9CE82C2A7FCD00D47241 /* LyricModel.swift in Sources */,
				294FD0D42C29ACF100031E61 /* SuccessCase.swift in Sources */,
				FB7D9CE92C2A7FCD00D47241 /* MusicModel.swift in Sources */,
				290068EA2C22A2A8000DCE81 /* OnboardImage.swift in Sources */,
				BA5E60F82C2A700400BA943E /* chordModel.swift in Sources */,
				A2C4C1FD2C23CD2D002FEEAB /* CollectionView.swift in Sources */,
			);
			runOnlyForDeploymentPostprocessing = 0;
		};
		A2B8E35D2C1BDE88008A0E5A /* Sources */ = {
			isa = PBXSourcesBuildPhase;
			buildActionMask = 2147483647;
			files = (
				A2B8E3662C1BDE88008A0E5A /* ChordJamTests.swift in Sources */,
			);
			runOnlyForDeploymentPostprocessing = 0;
		};
		A2B8E3672C1BDE88008A0E5A /* Sources */ = {
			isa = PBXSourcesBuildPhase;
			buildActionMask = 2147483647;
			files = (
				A2B8E3722C1BDE88008A0E5A /* ChordJamUITestsLaunchTests.swift in Sources */,
				A2B8E3702C1BDE88008A0E5A /* ChordJamUITests.swift in Sources */,
			);
			runOnlyForDeploymentPostprocessing = 0;
		};
/* End PBXSourcesBuildPhase section */

/* Begin PBXTargetDependency section */
		A2B8E3632C1BDE88008A0E5A /* PBXTargetDependency */ = {
			isa = PBXTargetDependency;
			target = A2B8E3502C1BDE87008A0E5A /* ChordJam */;
			targetProxy = A2B8E3622C1BDE88008A0E5A /* PBXContainerItemProxy */;
		};
		A2B8E36D2C1BDE88008A0E5A /* PBXTargetDependency */ = {
			isa = PBXTargetDependency;
			target = A2B8E3502C1BDE87008A0E5A /* ChordJam */;
			targetProxy = A2B8E36C2C1BDE88008A0E5A /* PBXContainerItemProxy */;
		};
/* End PBXTargetDependency section */

/* Begin XCBuildConfiguration section */
		A2B8E3732C1BDE88008A0E5A /* Debug */ = {
			isa = XCBuildConfiguration;
			buildSettings = {
				ALWAYS_SEARCH_USER_PATHS = NO;
				ASSETCATALOG_COMPILER_GENERATE_SWIFT_ASSET_SYMBOL_EXTENSIONS = YES;
				CLANG_ANALYZER_NONNULL = YES;
				CLANG_ANALYZER_NUMBER_OBJECT_CONVERSION = YES_AGGRESSIVE;
				CLANG_CXX_LANGUAGE_STANDARD = "gnu++20";
				CLANG_ENABLE_MODULES = YES;
				CLANG_ENABLE_OBJC_ARC = YES;
				CLANG_ENABLE_OBJC_WEAK = YES;
				CLANG_WARN_BLOCK_CAPTURE_AUTORELEASING = YES;
				CLANG_WARN_BOOL_CONVERSION = YES;
				CLANG_WARN_COMMA = YES;
				CLANG_WARN_CONSTANT_CONVERSION = YES;
				CLANG_WARN_DEPRECATED_OBJC_IMPLEMENTATIONS = YES;
				CLANG_WARN_DIRECT_OBJC_ISA_USAGE = YES_ERROR;
				CLANG_WARN_DOCUMENTATION_COMMENTS = YES;
				CLANG_WARN_EMPTY_BODY = YES;
				CLANG_WARN_ENUM_CONVERSION = YES;
				CLANG_WARN_INFINITE_RECURSION = YES;
				CLANG_WARN_INT_CONVERSION = YES;
				CLANG_WARN_NON_LITERAL_NULL_CONVERSION = YES;
				CLANG_WARN_OBJC_IMPLICIT_RETAIN_SELF = YES;
				CLANG_WARN_OBJC_LITERAL_CONVERSION = YES;
				CLANG_WARN_OBJC_ROOT_CLASS = YES_ERROR;
				CLANG_WARN_QUOTED_INCLUDE_IN_FRAMEWORK_HEADER = YES;
				CLANG_WARN_RANGE_LOOP_ANALYSIS = YES;
				CLANG_WARN_STRICT_PROTOTYPES = YES;
				CLANG_WARN_SUSPICIOUS_MOVE = YES;
				CLANG_WARN_UNGUARDED_AVAILABILITY = YES_AGGRESSIVE;
				CLANG_WARN_UNREACHABLE_CODE = YES;
				CLANG_WARN__DUPLICATE_METHOD_MATCH = YES;
				COPY_PHASE_STRIP = NO;
				DEBUG_INFORMATION_FORMAT = dwarf;
				ENABLE_STRICT_OBJC_MSGSEND = YES;
				ENABLE_TESTABILITY = YES;
				ENABLE_USER_SCRIPT_SANDBOXING = YES;
				GCC_C_LANGUAGE_STANDARD = gnu17;
				GCC_DYNAMIC_NO_PIC = NO;
				GCC_NO_COMMON_BLOCKS = YES;
				GCC_OPTIMIZATION_LEVEL = 0;
				GCC_PREPROCESSOR_DEFINITIONS = (
					"DEBUG=1",
					"$(inherited)",
				);
				GCC_WARN_64_TO_32_BIT_CONVERSION = YES;
				GCC_WARN_ABOUT_RETURN_TYPE = YES_ERROR;
				GCC_WARN_UNDECLARED_SELECTOR = YES;
				GCC_WARN_UNINITIALIZED_AUTOS = YES_AGGRESSIVE;
				GCC_WARN_UNUSED_FUNCTION = YES;
				GCC_WARN_UNUSED_VARIABLE = YES;
				IPHONEOS_DEPLOYMENT_TARGET = 17.2;
				LOCALIZATION_PREFERS_STRING_CATALOGS = YES;
				MTL_ENABLE_DEBUG_INFO = INCLUDE_SOURCE;
				MTL_FAST_MATH = YES;
				ONLY_ACTIVE_ARCH = YES;
				SDKROOT = iphoneos;
				SWIFT_ACTIVE_COMPILATION_CONDITIONS = "DEBUG $(inherited)";
				SWIFT_OPTIMIZATION_LEVEL = "-Onone";
			};
			name = Debug;
		};
		A2B8E3742C1BDE88008A0E5A /* Release */ = {
			isa = XCBuildConfiguration;
			buildSettings = {
				ALWAYS_SEARCH_USER_PATHS = NO;
				ASSETCATALOG_COMPILER_GENERATE_SWIFT_ASSET_SYMBOL_EXTENSIONS = YES;
				CLANG_ANALYZER_NONNULL = YES;
				CLANG_ANALYZER_NUMBER_OBJECT_CONVERSION = YES_AGGRESSIVE;
				CLANG_CXX_LANGUAGE_STANDARD = "gnu++20";
				CLANG_ENABLE_MODULES = YES;
				CLANG_ENABLE_OBJC_ARC = YES;
				CLANG_ENABLE_OBJC_WEAK = YES;
				CLANG_WARN_BLOCK_CAPTURE_AUTORELEASING = YES;
				CLANG_WARN_BOOL_CONVERSION = YES;
				CLANG_WARN_COMMA = YES;
				CLANG_WARN_CONSTANT_CONVERSION = YES;
				CLANG_WARN_DEPRECATED_OBJC_IMPLEMENTATIONS = YES;
				CLANG_WARN_DIRECT_OBJC_ISA_USAGE = YES_ERROR;
				CLANG_WARN_DOCUMENTATION_COMMENTS = YES;
				CLANG_WARN_EMPTY_BODY = YES;
				CLANG_WARN_ENUM_CONVERSION = YES;
				CLANG_WARN_INFINITE_RECURSION = YES;
				CLANG_WARN_INT_CONVERSION = YES;
				CLANG_WARN_NON_LITERAL_NULL_CONVERSION = YES;
				CLANG_WARN_OBJC_IMPLICIT_RETAIN_SELF = YES;
				CLANG_WARN_OBJC_LITERAL_CONVERSION = YES;
				CLANG_WARN_OBJC_ROOT_CLASS = YES_ERROR;
				CLANG_WARN_QUOTED_INCLUDE_IN_FRAMEWORK_HEADER = YES;
				CLANG_WARN_RANGE_LOOP_ANALYSIS = YES;
				CLANG_WARN_STRICT_PROTOTYPES = YES;
				CLANG_WARN_SUSPICIOUS_MOVE = YES;
				CLANG_WARN_UNGUARDED_AVAILABILITY = YES_AGGRESSIVE;
				CLANG_WARN_UNREACHABLE_CODE = YES;
				CLANG_WARN__DUPLICATE_METHOD_MATCH = YES;
				COPY_PHASE_STRIP = NO;
				DEBUG_INFORMATION_FORMAT = "dwarf-with-dsym";
				ENABLE_NS_ASSERTIONS = NO;
				ENABLE_STRICT_OBJC_MSGSEND = YES;
				ENABLE_USER_SCRIPT_SANDBOXING = YES;
				GCC_C_LANGUAGE_STANDARD = gnu17;
				GCC_NO_COMMON_BLOCKS = YES;
				GCC_WARN_64_TO_32_BIT_CONVERSION = YES;
				GCC_WARN_ABOUT_RETURN_TYPE = YES_ERROR;
				GCC_WARN_UNDECLARED_SELECTOR = YES;
				GCC_WARN_UNINITIALIZED_AUTOS = YES_AGGRESSIVE;
				GCC_WARN_UNUSED_FUNCTION = YES;
				GCC_WARN_UNUSED_VARIABLE = YES;
				IPHONEOS_DEPLOYMENT_TARGET = 17.2;
				LOCALIZATION_PREFERS_STRING_CATALOGS = YES;
				MTL_ENABLE_DEBUG_INFO = NO;
				MTL_FAST_MATH = YES;
				SDKROOT = iphoneos;
				SWIFT_COMPILATION_MODE = wholemodule;
				VALIDATE_PRODUCT = YES;
			};
			name = Release;
		};
		A2B8E3762C1BDE88008A0E5A /* Debug */ = {
			isa = XCBuildConfiguration;
			buildSettings = {
				ASSETCATALOG_COMPILER_APPICON_NAME = AppIcon;
				ASSETCATALOG_COMPILER_GLOBAL_ACCENT_COLOR_NAME = AccentColor;
				CODE_SIGN_ENTITLEMENTS = ChordJam/ChordJam.entitlements;
				CODE_SIGN_STYLE = Automatic;
				CURRENT_PROJECT_VERSION = 1;
				DEVELOPMENT_ASSET_PATHS = "\"ChordJam/Preview Content\"";
				DEVELOPMENT_TEAM = 68FP6TZ275;
				ENABLE_PREVIEWS = YES;
				GENERATE_INFOPLIST_FILE = YES;
				INFOPLIST_FILE = ChordJam/Info.plist;
				INFOPLIST_KEY_NSMicrophoneUsageDescription = "Allow Microphone for this app";
				INFOPLIST_KEY_UIApplicationSceneManifest_Generation = YES;
				INFOPLIST_KEY_UIApplicationSupportsIndirectInputEvents = YES;
				INFOPLIST_KEY_UILaunchScreen_Generation = YES;
				INFOPLIST_KEY_UISupportedInterfaceOrientations = "UIInterfaceOrientationLandscapeLeft UIInterfaceOrientationLandscapeRight";
				INFOPLIST_KEY_UISupportedInterfaceOrientations_iPad = "UIInterfaceOrientationLandscapeLeft UIInterfaceOrientationLandscapeRight UIInterfaceOrientationPortrait UIInterfaceOrientationPortraitUpsideDown";
				INFOPLIST_KEY_UISupportedInterfaceOrientations_iPhone = "UIInterfaceOrientationLandscapeLeft UIInterfaceOrientationLandscapeRight";
				LD_RUNPATH_SEARCH_PATHS = (
					"$(inherited)",
					"@executable_path/Frameworks",
				);
				MARKETING_VERSION = 1.0;
				PRODUCT_BUNDLE_IDENTIFIER = "com.anthony-gufron.ChordJam";
				PRODUCT_NAME = "$(TARGET_NAME)";
				SWIFT_EMIT_LOC_STRINGS = YES;
				SWIFT_VERSION = 5.0;
				TARGETED_DEVICE_FAMILY = "1,2";
			};
			name = Debug;
		};
		A2B8E3772C1BDE88008A0E5A /* Release */ = {
			isa = XCBuildConfiguration;
			buildSettings = {
				ASSETCATALOG_COMPILER_APPICON_NAME = AppIcon;
				ASSETCATALOG_COMPILER_GLOBAL_ACCENT_COLOR_NAME = AccentColor;
				CODE_SIGN_ENTITLEMENTS = ChordJam/ChordJam.entitlements;
				CODE_SIGN_STYLE = Automatic;
				CURRENT_PROJECT_VERSION = 1;
				DEVELOPMENT_ASSET_PATHS = "\"ChordJam/Preview Content\"";
				DEVELOPMENT_TEAM = 68FP6TZ275;
				ENABLE_PREVIEWS = YES;
				GENERATE_INFOPLIST_FILE = YES;
				INFOPLIST_FILE = ChordJam/Info.plist;
				INFOPLIST_KEY_NSMicrophoneUsageDescription = "Allow Microphone for this app";
				INFOPLIST_KEY_UIApplicationSceneManifest_Generation = YES;
				INFOPLIST_KEY_UIApplicationSupportsIndirectInputEvents = YES;
				INFOPLIST_KEY_UILaunchScreen_Generation = YES;
				INFOPLIST_KEY_UISupportedInterfaceOrientations = "UIInterfaceOrientationLandscapeLeft UIInterfaceOrientationLandscapeRight";
				INFOPLIST_KEY_UISupportedInterfaceOrientations_iPad = "UIInterfaceOrientationLandscapeLeft UIInterfaceOrientationLandscapeRight UIInterfaceOrientationPortrait UIInterfaceOrientationPortraitUpsideDown";
				INFOPLIST_KEY_UISupportedInterfaceOrientations_iPhone = "UIInterfaceOrientationLandscapeLeft UIInterfaceOrientationLandscapeRight";
				LD_RUNPATH_SEARCH_PATHS = (
					"$(inherited)",
					"@executable_path/Frameworks",
				);
				MARKETING_VERSION = 1.0;
				PRODUCT_BUNDLE_IDENTIFIER = "com.anthony-gufron.ChordJam";
				PRODUCT_NAME = "$(TARGET_NAME)";
				SWIFT_EMIT_LOC_STRINGS = YES;
				SWIFT_VERSION = 5.0;
				TARGETED_DEVICE_FAMILY = "1,2";
			};
			name = Release;
		};
		A2B8E3792C1BDE88008A0E5A /* Debug */ = {
			isa = XCBuildConfiguration;
			buildSettings = {
				ALWAYS_EMBED_SWIFT_STANDARD_LIBRARIES = YES;
				BUNDLE_LOADER = "$(TEST_HOST)";
				CODE_SIGN_STYLE = Automatic;
				CURRENT_PROJECT_VERSION = 1;
				DEVELOPMENT_TEAM = FTP77G36XW;
				GENERATE_INFOPLIST_FILE = YES;
				IPHONEOS_DEPLOYMENT_TARGET = 17.2;
				MARKETING_VERSION = 1.0;
				PRODUCT_BUNDLE_IDENTIFIER = "com.anthony-gufron.ChordJamTests";
				PRODUCT_NAME = "$(TARGET_NAME)";
				SWIFT_EMIT_LOC_STRINGS = NO;
				SWIFT_VERSION = 5.0;
				TARGETED_DEVICE_FAMILY = "1,2";
				TEST_HOST = "$(BUILT_PRODUCTS_DIR)/ChordJam.app/$(BUNDLE_EXECUTABLE_FOLDER_PATH)/ChordJam";
			};
			name = Debug;
		};
		A2B8E37A2C1BDE88008A0E5A /* Release */ = {
			isa = XCBuildConfiguration;
			buildSettings = {
				ALWAYS_EMBED_SWIFT_STANDARD_LIBRARIES = YES;
				BUNDLE_LOADER = "$(TEST_HOST)";
				CODE_SIGN_STYLE = Automatic;
				CURRENT_PROJECT_VERSION = 1;
				DEVELOPMENT_TEAM = FTP77G36XW;
				GENERATE_INFOPLIST_FILE = YES;
				IPHONEOS_DEPLOYMENT_TARGET = 17.2;
				MARKETING_VERSION = 1.0;
				PRODUCT_BUNDLE_IDENTIFIER = "com.anthony-gufron.ChordJamTests";
				PRODUCT_NAME = "$(TARGET_NAME)";
				SWIFT_EMIT_LOC_STRINGS = NO;
				SWIFT_VERSION = 5.0;
				TARGETED_DEVICE_FAMILY = "1,2";
				TEST_HOST = "$(BUILT_PRODUCTS_DIR)/ChordJam.app/$(BUNDLE_EXECUTABLE_FOLDER_PATH)/ChordJam";
			};
			name = Release;
		};
		A2B8E37C2C1BDE88008A0E5A /* Debug */ = {
			isa = XCBuildConfiguration;
			buildSettings = {
				ALWAYS_EMBED_SWIFT_STANDARD_LIBRARIES = YES;
				CODE_SIGN_STYLE = Automatic;
				CURRENT_PROJECT_VERSION = 1;
				DEVELOPMENT_TEAM = FTP77G36XW;
				GENERATE_INFOPLIST_FILE = YES;
				MARKETING_VERSION = 1.0;
				PRODUCT_BUNDLE_IDENTIFIER = "com.anthony-gufron.ChordJamUITests";
				PRODUCT_NAME = "$(TARGET_NAME)";
				SWIFT_EMIT_LOC_STRINGS = NO;
				SWIFT_VERSION = 5.0;
				TARGETED_DEVICE_FAMILY = "1,2";
				TEST_TARGET_NAME = ChordJam;
			};
			name = Debug;
		};
		A2B8E37D2C1BDE88008A0E5A /* Release */ = {
			isa = XCBuildConfiguration;
			buildSettings = {
				ALWAYS_EMBED_SWIFT_STANDARD_LIBRARIES = YES;
				CODE_SIGN_STYLE = Automatic;
				CURRENT_PROJECT_VERSION = 1;
				DEVELOPMENT_TEAM = FTP77G36XW;
				GENERATE_INFOPLIST_FILE = YES;
				MARKETING_VERSION = 1.0;
				PRODUCT_BUNDLE_IDENTIFIER = "com.anthony-gufron.ChordJamUITests";
				PRODUCT_NAME = "$(TARGET_NAME)";
				SWIFT_EMIT_LOC_STRINGS = NO;
				SWIFT_VERSION = 5.0;
				TARGETED_DEVICE_FAMILY = "1,2";
				TEST_TARGET_NAME = ChordJam;
			};
			name = Release;
		};
/* End XCBuildConfiguration section */

/* Begin XCConfigurationList section */
		A2B8E34C2C1BDE87008A0E5A /* Build configuration list for PBXProject "ChordJam" */ = {
			isa = XCConfigurationList;
			buildConfigurations = (
				A2B8E3732C1BDE88008A0E5A /* Debug */,
				A2B8E3742C1BDE88008A0E5A /* Release */,
			);
			defaultConfigurationIsVisible = 0;
			defaultConfigurationName = Release;
		};
		A2B8E3752C1BDE88008A0E5A /* Build configuration list for PBXNativeTarget "ChordJam" */ = {
			isa = XCConfigurationList;
			buildConfigurations = (
				A2B8E3762C1BDE88008A0E5A /* Debug */,
				A2B8E3772C1BDE88008A0E5A /* Release */,
			);
			defaultConfigurationIsVisible = 0;
			defaultConfigurationName = Release;
		};
		A2B8E3782C1BDE88008A0E5A /* Build configuration list for PBXNativeTarget "ChordJamTests" */ = {
			isa = XCConfigurationList;
			buildConfigurations = (
				A2B8E3792C1BDE88008A0E5A /* Debug */,
				A2B8E37A2C1BDE88008A0E5A /* Release */,
			);
			defaultConfigurationIsVisible = 0;
			defaultConfigurationName = Release;
		};
		A2B8E37B2C1BDE88008A0E5A /* Build configuration list for PBXNativeTarget "ChordJamUITests" */ = {
			isa = XCConfigurationList;
			buildConfigurations = (
				A2B8E37C2C1BDE88008A0E5A /* Debug */,
				A2B8E37D2C1BDE88008A0E5A /* Release */,
			);
			defaultConfigurationIsVisible = 0;
			defaultConfigurationName = Release;
		};
/* End XCConfigurationList section */

/* Begin XCRemoteSwiftPackageReference section */
		BAEDEC9B2C22A86E00752435 /* XCRemoteSwiftPackageReference "AudioKit" */ = {
			isa = XCRemoteSwiftPackageReference;
			repositoryURL = "https://github.com/AudioKit/AudioKit.git";
			requirement = {
				kind = upToNextMajorVersion;
				minimumVersion = 5.6.4;
			};
		};
		BAEDEC9C2C22A87700752435 /* XCRemoteSwiftPackageReference "AudioKitEX" */ = {
			isa = XCRemoteSwiftPackageReference;
			repositoryURL = "https://github.com/AudioKit/AudioKitEX.git";
			requirement = {
				kind = upToNextMajorVersion;
				minimumVersion = 5.6.0;
			};
		};
		BAEDEC9D2C22A88900752435 /* XCRemoteSwiftPackageReference "AudioKitUI" */ = {
			isa = XCRemoteSwiftPackageReference;
			repositoryURL = "https://github.com/AudioKit/AudioKitUI.git";
			requirement = {
				kind = upToNextMajorVersion;
				minimumVersion = 0.3.7;
			};
		};
		BAEDEC9E2C22A89700752435 /* XCRemoteSwiftPackageReference "SoundpipeAudioKit" */ = {
			isa = XCRemoteSwiftPackageReference;
			repositoryURL = "https://github.com/AudioKit/SoundpipeAudioKit.git";
			requirement = {
				kind = upToNextMajorVersion;
				minimumVersion = 5.6.1;
			};
		};
		BAEDEC9F2C22A8A400752435 /* XCRemoteSwiftPackageReference "Tonic" */ = {
			isa = XCRemoteSwiftPackageReference;
			repositoryURL = "https://github.com/AudioKit/Tonic.git";
			requirement = {
				kind = upToNextMajorVersion;
				minimumVersion = 1.4.0;
			};
		};
/* End XCRemoteSwiftPackageReference section */

/* Begin XCSwiftPackageProductDependency section */
		FBD0B7E32C22BFEC0067F90D /* AudioKitUI */ = {
			isa = XCSwiftPackageProductDependency;
			package = BAEDEC9D2C22A88900752435 /* XCRemoteSwiftPackageReference "AudioKitUI" */;
			productName = AudioKitUI;
		};
		FBD0B7E52C22BFEF0067F90D /* AudioKit */ = {
			isa = XCSwiftPackageProductDependency;
			package = BAEDEC9B2C22A86E00752435 /* XCRemoteSwiftPackageReference "AudioKit" */;
			productName = AudioKit;
		};
		FBD0B7E72C22C0000067F90D /* AudioKitEX */ = {
			isa = XCSwiftPackageProductDependency;
			package = BAEDEC9C2C22A87700752435 /* XCRemoteSwiftPackageReference "AudioKitEX" */;
			productName = AudioKitEX;
		};
		FBD0B7E92C22C0120067F90D /* SoundpipeAudioKit */ = {
			isa = XCSwiftPackageProductDependency;
			package = BAEDEC9E2C22A89700752435 /* XCRemoteSwiftPackageReference "SoundpipeAudioKit" */;
			productName = SoundpipeAudioKit;
		};
		FBD0B7EB2C22C0170067F90D /* Tonic */ = {
			isa = XCSwiftPackageProductDependency;
			package = BAEDEC9F2C22A8A400752435 /* XCRemoteSwiftPackageReference "Tonic" */;
			productName = Tonic;
		};
/* End XCSwiftPackageProductDependency section */
	};
	rootObject = A2B8E3492C1BDE87008A0E5A /* Project object */;
}
